
Microsoft Visual Studio Solution File, Format Version 12.00
# Visual Studio Version 17
VisualStudioVersion = 17.5.33424.131
MinimumVisualStudioVersion = 10.0.40219.1
Project("{2150E333-8FDC-42A3-9474-1A3956D46DE8}") = "src", "src", "{A0B70840-9FA8-45ED-81D9-64804E7323A6}"
EndProject
Project("{9A19103F-16F7-4668-BE54-9A1E7A4F7556}") = "VP.Common", "src\VP.Common\VP.Common.csproj", "{CA2E0D78-DDC8-44E9-A60F-3CBA2ECB60F2}"
EndProject
Project("{9A19103F-16F7-4668-BE54-9A1E7A4F7556}") = "VP.Crypto", "src\VP.Crypto\VP.Crypto.csproj", "{8CFACAE9-6D53-449C-AD0F-3A928F41C8BA}"
EndProject
Project("{9A19103F-16F7-4668-BE54-9A1E7A4F7556}") = "VP.Selenium.Contracts", "src\VP.Selenium.Contracts\VP.Selenium.Contracts.csproj", "{1F6C1AD8-D776-4A8E-8A83-A738D850EDA8}"
EndProject
Project("{9A19103F-16F7-4668-BE54-9A1E7A4F7556}") = "VP.Notifications.Toast", "src\VP.Notifications.Toast\VP.Notifications.Toast.csproj", "{8EA440C6-969E-4C59-A9CE-D9B887E3F901}"
EndProject
Project("{9A19103F-16F7-4668-BE54-9A1E7A4F7556}") = "VP.Selenium.Chrome", "src\VP.Selenium.Chrome\VP.Selenium.Chrome.csproj", "{0F0D8F3D-9711-4B2F-A4F1-0A6D828B546F}"
EndProject
Project("{9A19103F-16F7-4668-BE54-9A1E7A4F7556}") = "VP.Windows.Wpf", "src\VP.Windows.Wpf\VP.Windows.Wpf.csproj", "{30023949-2829-4BF0-825F-188F18B8CEA0}"
EndProject
Project("{9A19103F-16F7-4668-BE54-9A1E7A4F7556}") = "VP.Windows", "src\VP.Windows\VP.Windows.csproj", "{1ED60A9B-F71D-41CC-9B49-BFBDA75D4A29}"
EndProject
Project("{9A19103F-16F7-4668-BE54-9A1E7A4F7556}") = "VP.Quartz", "src\VP.Quartz\VP.Quartz.csproj", "{70A83118-F508-4C30-843B-A1AED1932369}"
EndProject
Project("{9A19103F-16F7-4668-BE54-9A1E7A4F7556}") = "VP.Selenium.Chromium", "src\VP.Selenium.Chromium\VP.Selenium.Chromium.csproj", "{FA525C35-4CCD-4466-BBE0-0A78FADA216D}"
EndProject
Project("{9A19103F-16F7-4668-BE54-9A1E7A4F7556}") = "VP.Office", "src\VP.Office\VP.Office.csproj", "{7C09C68E-1168-40E8-8C29-55D5B46661B3}"
EndProject
Project("{9A19103F-16F7-4668-BE54-9A1E7A4F7556}") = "VP.Selenium.Edge", "src\VP.Selenium.Edge\VP.Selenium.Edge.csproj", "{AB644128-08F1-454F-BCC0-22EA61CD8AB6}"
EndProject
Project("{9A19103F-16F7-4668-BE54-9A1E7A4F7556}") = "VP.PDF", "src\VP.PDF\VP.PDF.csproj", "{4E7AF6F4-4609-4AF4-BF18-BFBD37763578}"
EndProject
Project("{2150E333-8FDC-42A3-9474-1A3956D46DE8}") = "test", "test", "{431B134E-048B-473A-AAFA-734B5AF6D67D}"
EndProject
Project("{9A19103F-16F7-4668-BE54-9A1E7A4F7556}") = "VP.Common.Test", "test\VP.Common.Test\VP.Common.Test.csproj", "{E8A1C5EC-02E0-472A-A740-00128FF574EF}"
EndProject
Project("{9A19103F-16F7-4668-BE54-9A1E7A4F7556}") = "VP.Test.Base", "test\VP.Test.Base\VP.Test.Base.csproj", "{333258F1-8E62-4C9C-A587-0261E42511A4}"
EndProject
Global
	GlobalSection(SolutionConfigurationPlatforms) = preSolution
		Debug|Any CPU = Debug|Any CPU
		Release|Any CPU = Release|Any CPU
	EndGlobalSection
	GlobalSection(ProjectConfigurationPlatforms) = postSolution
		{CA2E0D78-DDC8-44E9-A60F-3CBA2ECB60F2}.Debug|Any CPU.ActiveCfg = Debug|Any CPU
		{CA2E0D78-DDC8-44E9-A60F-3CBA2ECB60F2}.Debug|Any CPU.Build.0 = Debug|Any CPU
		{CA2E0D78-DDC8-44E9-A60F-3CBA2ECB60F2}.Release|Any CPU.ActiveCfg = Release|Any CPU
		{CA2E0D78-DDC8-44E9-A60F-3CBA2ECB60F2}.Release|Any CPU.Build.0 = Release|Any CPU
		{8CFACAE9-6D53-449C-AD0F-3A928F41C8BA}.Debug|Any CPU.ActiveCfg = Debug|Any CPU
		{8CFACAE9-6D53-449C-AD0F-3A928F41C8BA}.Debug|Any CPU.Build.0 = Debug|Any CPU
		{8CFACAE9-6D53-449C-AD0F-3A928F41C8BA}.Release|Any CPU.ActiveCfg = Release|Any CPU
		{8CFACAE9-6D53-449C-AD0F-3A928F41C8BA}.Release|Any CPU.Build.0 = Release|Any CPU
		{1F6C1AD8-D776-4A8E-8A83-A738D850EDA8}.Debug|Any CPU.ActiveCfg = Debug|Any CPU
		{1F6C1AD8-D776-4A8E-8A83-A738D850EDA8}.Debug|Any CPU.Build.0 = Debug|Any CPU
		{1F6C1AD8-D776-4A8E-8A83-A738D850EDA8}.Release|Any CPU.ActiveCfg = Release|Any CPU
		{1F6C1AD8-D776-4A8E-8A83-A738D850EDA8}.Release|Any CPU.Build.0 = Release|Any CPU
		{8EA440C6-969E-4C59-A9CE-D9B887E3F901}.Debug|Any CPU.ActiveCfg = Debug|Any CPU
		{8EA440C6-969E-4C59-A9CE-D9B887E3F901}.Debug|Any CPU.Build.0 = Debug|Any CPU
		{8EA440C6-969E-4C59-A9CE-D9B887E3F901}.Release|Any CPU.ActiveCfg = Release|Any CPU
		{8EA440C6-969E-4C59-A9CE-D9B887E3F901}.Release|Any CPU.Build.0 = Release|Any CPU
		{0F0D8F3D-9711-4B2F-A4F1-0A6D828B546F}.Debug|Any CPU.ActiveCfg = Debug|Any CPU
		{0F0D8F3D-9711-4B2F-A4F1-0A6D828B546F}.Debug|Any CPU.Build.0 = Debug|Any CPU
		{0F0D8F3D-9711-4B2F-A4F1-0A6D828B546F}.Release|Any CPU.ActiveCfg = Release|Any CPU
		{0F0D8F3D-9711-4B2F-A4F1-0A6D828B546F}.Release|Any CPU.Build.0 = Release|Any CPU
		{30023949-2829-4BF0-825F-188F18B8CEA0}.Debug|Any CPU.ActiveCfg = Debug|Any CPU
		{30023949-2829-4BF0-825F-188F18B8CEA0}.Debug|Any CPU.Build.0 = Debug|Any CPU
		{30023949-2829-4BF0-825F-188F18B8CEA0}.Release|Any CPU.ActiveCfg = Release|Any CPU
		{30023949-2829-4BF0-825F-188F18B8CEA0}.Release|Any CPU.Build.0 = Release|Any CPU
		{1ED60A9B-F71D-41CC-9B49-BFBDA75D4A29}.Debug|Any CPU.ActiveCfg = Debug|Any CPU
		{1ED60A9B-F71D-41CC-9B49-BFBDA75D4A29}.Debug|Any CPU.Build.0 = Debug|Any CPU
		{1ED60A9B-F71D-41CC-9B49-BFBDA75D4A29}.Release|Any CPU.ActiveCfg = Release|Any CPU
		{1ED60A9B-F71D-41CC-9B49-BFBDA75D4A29}.Release|Any CPU.Build.0 = Release|Any CPU
		{70A83118-F508-4C30-843B-A1AED1932369}.Debug|Any CPU.ActiveCfg = Debug|Any CPU
		{70A83118-F508-4C30-843B-A1AED1932369}.Debug|Any CPU.Build.0 = Debug|Any CPU
		{70A83118-F508-4C30-843B-A1AED1932369}.Release|Any CPU.ActiveCfg = Release|Any CPU
		{70A83118-F508-4C30-843B-A1AED1932369}.Release|Any CPU.Build.0 = Release|Any CPU
		{FA525C35-4CCD-4466-BBE0-0A78FADA216D}.Debug|Any CPU.ActiveCfg = Debug|Any CPU
		{FA525C35-4CCD-4466-BBE0-0A78FADA216D}.Debug|Any CPU.Build.0 = Debug|Any CPU
		{FA525C35-4CCD-4466-BBE0-0A78FADA216D}.Release|Any CPU.ActiveCfg = Release|Any CPU
		{FA525C35-4CCD-4466-BBE0-0A78FADA216D}.Release|Any CPU.Build.0 = Release|Any CPU
		{7C09C68E-1168-40E8-8C29-55D5B46661B3}.Debug|Any CPU.ActiveCfg = Debug|Any CPU
		{7C09C68E-1168-40E8-8C29-55D5B46661B3}.Debug|Any CPU.Build.0 = Debug|Any CPU
		{7C09C68E-1168-40E8-8C29-55D5B46661B3}.Release|Any CPU.ActiveCfg = Release|Any CPU
		{7C09C68E-1168-40E8-8C29-55D5B46661B3}.Release|Any CPU.Build.0 = Release|Any CPU
		{AB644128-08F1-454F-BCC0-22EA61CD8AB6}.Debug|Any CPU.ActiveCfg = Debug|Any CPU
		{AB644128-08F1-454F-BCC0-22EA61CD8AB6}.Debug|Any CPU.Build.0 = Debug|Any CPU
		{AB644128-08F1-454F-BCC0-22EA61CD8AB6}.Release|Any CPU.ActiveCfg = Release|Any CPU
		{AB644128-08F1-454F-BCC0-22EA61CD8AB6}.Release|Any CPU.Build.0 = Release|Any CPU
		{4E7AF6F4-4609-4AF4-BF18-BFBD37763578}.Debug|Any CPU.ActiveCfg = Debug|Any CPU
		{4E7AF6F4-4609-4AF4-BF18-BFBD37763578}.Debug|Any CPU.Build.0 = Debug|Any CPU
		{4E7AF6F4-4609-4AF4-BF18-BFBD37763578}.Release|Any CPU.ActiveCfg = Release|Any CPU
		{4E7AF6F4-4609-4AF4-BF18-BFBD37763578}.Release|Any CPU.Build.0 = Release|Any CPU
		{E8A1C5EC-02E0-472A-A740-00128FF574EF}.Debug|Any CPU.ActiveCfg = Debug|Any CPU
		{E8A1C5EC-02E0-472A-A740-00128FF574EF}.Debug|Any CPU.Build.0 = Debug|Any CPU
		{E8A1C5EC-02E0-472A-A740-00128FF574EF}.Release|Any CPU.ActiveCfg = Release|Any CPU
		{E8A1C5EC-02E0-472A-A740-00128FF574EF}.Release|Any CPU.Build.0 = Release|Any CPU
		{333258F1-8E62-4C9C-A587-0261E42511A4}.Debug|Any CPU.ActiveCfg = Debug|Any CPU
		{333258F1-8E62-4C9C-A587-0261E42511A4}.Debug|Any CPU.Build.0 = Debug|Any CPU
		{333258F1-8E62-4C9C-A587-0261E42511A4}.Release|Any CPU.ActiveCfg = Release|Any CPU
		{333258F1-8E62-4C9C-A587-0261E42511A4}.Release|Any CPU.Build.0 = Release|Any CPU
	EndGlobalSection
	GlobalSection(SolutionProperties) = preSolution
		HideSolutionNode = FALSE
	EndGlobalSection
	GlobalSection(NestedProjects) = preSolution
		{CA2E0D78-DDC8-44E9-A60F-3CBA2ECB60F2} = {A0B70840-9FA8-45ED-81D9-64804E7323A6}
		{8CFACAE9-6D53-449C-AD0F-3A928F41C8BA} = {A0B70840-9FA8-45ED-81D9-64804E7323A6}
		{1F6C1AD8-D776-4A8E-8A83-A738D850EDA8} = {A0B70840-9FA8-45ED-81D9-64804E7323A6}
		{8EA440C6-969E-4C59-A9CE-D9B887E3F901} = {A0B70840-9FA8-45ED-81D9-64804E7323A6}
		{0F0D8F3D-9711-4B2F-A4F1-0A6D828B546F} = {A0B70840-9FA8-45ED-81D9-64804E7323A6}
		{30023949-2829-4BF0-825F-188F18B8CEA0} = {A0B70840-9FA8-45ED-81D9-64804E7323A6}
		{1ED60A9B-F71D-41CC-9B49-BFBDA75D4A29} = {A0B70840-9FA8-45ED-81D9-64804E7323A6}
		{70A83118-F508-4C30-843B-A1AED1932369} = {A0B70840-9FA8-45ED-81D9-64804E7323A6}
		{FA525C35-4CCD-4466-BBE0-0A78FADA216D} = {A0B70840-9FA8-45ED-81D9-64804E7323A6}
		{7C09C68E-1168-40E8-8C29-55D5B46661B3} = {A0B70840-9FA8-45ED-81D9-64804E7323A6}
		{AB644128-08F1-454F-BCC0-22EA61CD8AB6} = {A0B70840-9FA8-45ED-81D9-64804E7323A6}
		{4E7AF6F4-4609-4AF4-BF18-BFBD37763578} = {A0B70840-9FA8-45ED-81D9-64804E7323A6}
		{E8A1C5EC-02E0-472A-A740-00128FF574EF} = {431B134E-048B-473A-AAFA-734B5AF6D67D}
		{333258F1-8E62-4C9C-A587-0261E42511A4} = {431B134E-048B-473A-AAFA-734B5AF6D67D}
	EndGlobalSection
	GlobalSection(ExtensibilityGlobals) = postSolution
		SolutionGuid = {6AFD3C7A-EDBF-4526-AFA9-BBC5D81B5430}
	EndGlobalSection
EndGlobal
